{
  "requires": true,
  "lockfileVersion": 1,
  "dependencies": {
    "@sourcegraph/test-private-package": {
      "version": "1.0.1",
      "resolved": "https://registry.npmjs.org/@sourcegraph/test-private-package/-/test-private-package-1.0.1.tgz",
      "integrity": "sha512-yoZ9oS+onFdu8tgQGVvNQg+0PqKpYWRGKsPoxPF6TV3FcWp4BQRynaBMROH88Twnu8Qv83lUWtuBq6qS2RR/0A=="
    }
  }
}
