{
  "requires": true,
  "lockfileVersion": 1,
  "dependencies": {
    "@sourcegraph/test-private-package": {
      "version": "1.0.2",
      "resolved": "https://registry.npmjs.org/@sourcegraph/test-private-package/-/test-private-package-1.0.2.tgz",
      "integrity": "sha512-hEbWcRF/umon33wTf7M5ULqswTKGx1Goek3iQm669KIMexUHsFk4xp4tnovP/q7Q+xYXsEi9W//qSi1P0IFu/Q=="
    }
  }
}
